
Microsoft Visual Studio Solution File, Format Version 12.00
# Visual Studio Version 16
VisualStudioVersion = 16.0.29326.143
MinimumVisualStudioVersion = 10.0.40219.1
Project("{9A19103F-16F7-4668-BE54-9A1E7A4F7556}") = "MyLeasing.Common", "MyLeasing.Common\MyLeasing.Common.csproj", "{7D338305-F772-456E-AAE5-31C5A62C75F2}"
EndProject
Project("{9A19103F-16F7-4668-BE54-9A1E7A4F7556}") = "MyLeasing.Web", "MyLeasing.Web\MyLeasing.Web.csproj", "{DD9E8393-5739-48C3-AE34-F51471C5A156}"
EndProject
Project("{FAE04EC0-301F-11D3-BF4B-00C04F79EFBC}") = "MyLeasing.Prism", "MyLeasing.Prism\MyLeasing.Prism\MyLeasing.Prism.csproj", "{990E77A3-E7E7-45C3-A8D9-03C94B10F765}"
EndProject
Project("{FAE04EC0-301F-11D3-BF4B-00C04F79EFBC}") = "MyLeasing.Prism.Android", "MyLeasing.Prism\MyLeasing.Prism.Android\MyLeasing.Prism.Android.csproj", "{2ECAEF1B-DC1D-4184-A934-6AD40C866F1D}"
EndProject
Project("{FAE04EC0-301F-11D3-BF4B-00C04F79EFBC}") = "MyLeasing.Prism.iOS", "MyLeasing.Prism\MyLeasing.Prism.iOS\MyLeasing.Prism.iOS.csproj", "{EEC2D1BA-5110-4B47-B01F-E35D079136AA}"
EndProject
Project("{FAE04EC0-301F-11D3-BF4B-00C04F79EFBC}") = "MyLeasing.Prism.UWP", "MyLeasing.Prism\MyLeasing.Prism.UWP\MyLeasing.Prism.UWP.csproj", "{BC72E03C-1AED-42D9-A4FE-A13F12B582ED}"
EndProject
Global
	GlobalSection(SolutionConfigurationPlatforms) = preSolution
		Ad-Hoc|Any CPU = Ad-Hoc|Any CPU
		Ad-Hoc|ARM = Ad-Hoc|ARM
		Ad-Hoc|iPhone = Ad-Hoc|iPhone
		Ad-Hoc|iPhoneSimulator = Ad-Hoc|iPhoneSimulator
		Ad-Hoc|x64 = Ad-Hoc|x64
		Ad-Hoc|x86 = Ad-Hoc|x86
		AppStore|Any CPU = AppStore|Any CPU
		AppStore|ARM = AppStore|ARM
		AppStore|iPhone = AppStore|iPhone
		AppStore|iPhoneSimulator = AppStore|iPhoneSimulator
		AppStore|x64 = AppStore|x64
		AppStore|x86 = AppStore|x86
		Debug|Any CPU = Debug|Any CPU
		Debug|ARM = Debug|ARM
		Debug|iPhone = Debug|iPhone
		Debug|iPhoneSimulator = Debug|iPhoneSimulator
		Debug|x64 = Debug|x64
		Debug|x86 = Debug|x86
		Release|Any CPU = Release|Any CPU
		Release|ARM = Release|ARM
		Release|iPhone = Release|iPhone
		Release|iPhoneSimulator = Release|iPhoneSimulator
		Release|x64 = Release|x64
		Release|x86 = Release|x86
	EndGlobalSection
	GlobalSection(ProjectConfigurationPlatforms) = postSolution
		{7D338305-F772-456E-AAE5-31C5A62C75F2}.Ad-Hoc|Any CPU.ActiveCfg = Release|Any CPU
		{7D338305-F772-456E-AAE5-31C5A62C75F2}.Ad-Hoc|Any CPU.Build.0 = Release|Any CPU
		{7D338305-F772-456E-AAE5-31C5A62C75F2}.Ad-Hoc|ARM.ActiveCfg = Release|Any CPU
		{7D338305-F772-456E-AAE5-31C5A62C75F2}.Ad-Hoc|ARM.Build.0 = Release|Any CPU
		{7D338305-F772-456E-AAE5-31C5A62C75F2}.Ad-Hoc|iPhone.ActiveCfg = Release|Any CPU
		{7D338305-F772-456E-AAE5-31C5A62C75F2}.Ad-Hoc|iPhone.Build.0 = Release|Any CPU
		{7D338305-F772-456E-AAE5-31C5A62C75F2}.Ad-Hoc|iPhoneSimulator.ActiveCfg = Release|Any CPU
		{7D338305-F772-456E-AAE5-31C5A62C75F2}.Ad-Hoc|iPhoneSimulator.Build.0 = Release|Any CPU
		{7D338305-F772-456E-AAE5-31C5A62C75F2}.Ad-Hoc|x64.ActiveCfg = Release|Any CPU
		{7D338305-F772-456E-AAE5-31C5A62C75F2}.Ad-Hoc|x64.Build.0 = Release|Any CPU
		{7D338305-F772-456E-AAE5-31C5A62C75F2}.Ad-Hoc|x86.ActiveCfg = Release|Any CPU
		{7D338305-F772-456E-AAE5-31C5A62C75F2}.Ad-Hoc|x86.Build.0 = Release|Any CPU
		{7D338305-F772-456E-AAE5-31C5A62C75F2}.AppStore|Any CPU.ActiveCfg = Release|Any CPU
		{7D338305-F772-456E-AAE5-31C5A62C75F2}.AppStore|Any CPU.Build.0 = Release|Any CPU
		{7D338305-F772-456E-AAE5-31C5A62C75F2}.AppStore|ARM.ActiveCfg = Release|Any CPU
		{7D338305-F772-456E-AAE5-31C5A62C75F2}.AppStore|ARM.Build.0 = Release|Any CPU
		{7D338305-F772-456E-AAE5-31C5A62C75F2}.AppStore|iPhone.ActiveCfg = Release|Any CPU
		{7D338305-F772-456E-AAE5-31C5A62C75F2}.AppStore|iPhone.Build.0 = Release|Any CPU
		{7D338305-F772-456E-AAE5-31C5A62C75F2}.AppStore|iPhoneSimulator.ActiveCfg = Release|Any CPU
		{7D338305-F772-456E-AAE5-31C5A62C75F2}.AppStore|iPhoneSimulator.Build.0 = Release|Any CPU
		{7D338305-F772-456E-AAE5-31C5A62C75F2}.AppStore|x64.ActiveCfg = Release|Any CPU
		{7D338305-F772-456E-AAE5-31C5A62C75F2}.AppStore|x64.Build.0 = Release|Any CPU
		{7D338305-F772-456E-AAE5-31C5A62C75F2}.AppStore|x86.ActiveCfg = Release|Any CPU
		{7D338305-F772-456E-AAE5-31C5A62C75F2}.AppStore|x86.Build.0 = Release|Any CPU
		{7D338305-F772-456E-AAE5-31C5A62C75F2}.Debug|Any CPU.ActiveCfg = Debug|Any CPU
		{7D338305-F772-456E-AAE5-31C5A62C75F2}.Debug|Any CPU.Build.0 = Debug|Any CPU
		{7D338305-F772-456E-AAE5-31C5A62C75F2}.Debug|ARM.ActiveCfg = Debug|Any CPU
		{7D338305-F772-456E-AAE5-31C5A62C75F2}.Debug|ARM.Build.0 = Debug|Any CPU
		{7D338305-F772-456E-AAE5-31C5A62C75F2}.Debug|iPhone.ActiveCfg = Debug|Any CPU
		{7D338305-F772-456E-AAE5-31C5A62C75F2}.Debug|iPhone.Build.0 = Debug|Any CPU
		{7D338305-F772-456E-AAE5-31C5A62C75F2}.Debug|iPhoneSimulator.ActiveCfg = Debug|Any CPU
		{7D338305-F772-456E-AAE5-31C5A62C75F2}.Debug|iPhoneSimulator.Build.0 = Debug|Any CPU
		{7D338305-F772-456E-AAE5-31C5A62C75F2}.Debug|x64.ActiveCfg = Debug|Any CPU
		{7D338305-F772-456E-AAE5-31C5A62C75F2}.Debug|x64.Build.0 = Debug|Any CPU
		{7D338305-F772-456E-AAE5-31C5A62C75F2}.Debug|x86.ActiveCfg = Debug|Any CPU
		{7D338305-F772-456E-AAE5-31C5A62C75F2}.Debug|x86.Build.0 = Debug|Any CPU
		{7D338305-F772-456E-AAE5-31C5A62C75F2}.Release|Any CPU.ActiveCfg = Release|Any CPU
		{7D338305-F772-456E-AAE5-31C5A62C75F2}.Release|Any CPU.Build.0 = Release|Any CPU
		{7D338305-F772-456E-AAE5-31C5A62C75F2}.Release|ARM.ActiveCfg = Release|Any CPU
		{7D338305-F772-456E-AAE5-31C5A62C75F2}.Release|ARM.Build.0 = Release|Any CPU
		{7D338305-F772-456E-AAE5-31C5A62C75F2}.Release|iPhone.ActiveCfg = Release|Any CPU
		{7D338305-F772-456E-AAE5-31C5A62C75F2}.Release|iPhone.Build.0 = Release|Any CPU
		{7D338305-F772-456E-AAE5-31C5A62C75F2}.Release|iPhoneSimulator.ActiveCfg = Release|Any CPU
		{7D338305-F772-456E-AAE5-31C5A62C75F2}.Release|iPhoneSimulator.Build.0 = Release|Any CPU
		{7D338305-F772-456E-AAE5-31C5A62C75F2}.Release|x64.ActiveCfg = Release|Any CPU
		{7D338305-F772-456E-AAE5-31C5A62C75F2}.Release|x64.Build.0 = Release|Any CPU
		{7D338305-F772-456E-AAE5-31C5A62C75F2}.Release|x86.ActiveCfg = Release|Any CPU
		{7D338305-F772-456E-AAE5-31C5A62C75F2}.Release|x86.Build.0 = Release|Any CPU
		{DD9E8393-5739-48C3-AE34-F51471C5A156}.Ad-Hoc|Any CPU.ActiveCfg = Release|Any CPU
		{DD9E8393-5739-48C3-AE34-F51471C5A156}.Ad-Hoc|Any CPU.Build.0 = Release|Any CPU
		{DD9E8393-5739-48C3-AE34-F51471C5A156}.Ad-Hoc|ARM.ActiveCfg = Release|Any CPU
		{DD9E8393-5739-48C3-AE34-F51471C5A156}.Ad-Hoc|ARM.Build.0 = Release|Any CPU
		{DD9E8393-5739-48C3-AE34-F51471C5A156}.Ad-Hoc|iPhone.ActiveCfg = Release|Any CPU
		{DD9E8393-5739-48C3-AE34-F51471C5A156}.Ad-Hoc|iPhone.Build.0 = Release|Any CPU
		{DD9E8393-5739-48C3-AE34-F51471C5A156}.Ad-Hoc|iPhoneSimulator.ActiveCfg = Release|Any CPU
		{DD9E8393-5739-48C3-AE34-F51471C5A156}.Ad-Hoc|iPhoneSimulator.Build.0 = Release|Any CPU
		{DD9E8393-5739-48C3-AE34-F51471C5A156}.Ad-Hoc|x64.ActiveCfg = Release|Any CPU
		{DD9E8393-5739-48C3-AE34-F51471C5A156}.Ad-Hoc|x64.Build.0 = Release|Any CPU
		{DD9E8393-5739-48C3-AE34-F51471C5A156}.Ad-Hoc|x86.ActiveCfg = Release|Any CPU
		{DD9E8393-5739-48C3-AE34-F51471C5A156}.Ad-Hoc|x86.Build.0 = Release|Any CPU
		{DD9E8393-5739-48C3-AE34-F51471C5A156}.AppStore|Any CPU.ActiveCfg = Release|Any CPU
		{DD9E8393-5739-48C3-AE34-F51471C5A156}.AppStore|Any CPU.Build.0 = Release|Any CPU
		{DD9E8393-5739-48C3-AE34-F51471C5A156}.AppStore|ARM.ActiveCfg = Release|Any CPU
		{DD9E8393-5739-48C3-AE34-F51471C5A156}.AppStore|ARM.Build.0 = Release|Any CPU
		{DD9E8393-5739-48C3-AE34-F51471C5A156}.AppStore|iPhone.ActiveCfg = Release|Any CPU
		{DD9E8393-5739-48C3-AE34-F51471C5A156}.AppStore|iPhone.Build.0 = Release|Any CPU
		{DD9E8393-5739-48C3-AE34-F51471C5A156}.AppStore|iPhoneSimulator.ActiveCfg = Release|Any CPU
		{DD9E8393-5739-48C3-AE34-F51471C5A156}.AppStore|iPhoneSimulator.Build.0 = Release|Any CPU
		{DD9E8393-5739-48C3-AE34-F51471C5A156}.AppStore|x64.ActiveCfg = Release|Any CPU
		{DD9E8393-5739-48C3-AE34-F51471C5A156}.AppStore|x64.Build.0 = Release|Any CPU
		{DD9E8393-5739-48C3-AE34-F51471C5A156}.AppStore|x86.ActiveCfg = Release|Any CPU
		{DD9E8393-5739-48C3-AE34-F51471C5A156}.AppStore|x86.Build.0 = Release|Any CPU
		{DD9E8393-5739-48C3-AE34-F51471C5A156}.Debug|Any CPU.ActiveCfg = Debug|Any CPU
		{DD9E8393-5739-48C3-AE34-F51471C5A156}.Debug|Any CPU.Build.0 = Debug|Any CPU
		{DD9E8393-5739-48C3-AE34-F51471C5A156}.Debug|ARM.ActiveCfg = Debug|Any CPU
		{DD9E8393-5739-48C3-AE34-F51471C5A156}.Debug|ARM.Build.0 = Debug|Any CPU
		{DD9E8393-5739-48C3-AE34-F51471C5A156}.Debug|iPhone.ActiveCfg = Debug|Any CPU
		{DD9E8393-5739-48C3-AE34-F51471C5A156}.Debug|iPhone.Build.0 = Debug|Any CPU
		{DD9E8393-5739-48C3-AE34-F51471C5A156}.Debug|iPhoneSimulator.ActiveCfg = Debug|Any CPU
		{DD9E8393-5739-48C3-AE34-F51471C5A156}.Debug|iPhoneSimulator.Build.0 = Debug|Any CPU
		{DD9E8393-5739-48C3-AE34-F51471C5A156}.Debug|x64.ActiveCfg = Debug|Any CPU
		{DD9E8393-5739-48C3-AE34-F51471C5A156}.Debug|x64.Build.0 = Debug|Any CPU
		{DD9E8393-5739-48C3-AE34-F51471C5A156}.Debug|x86.ActiveCfg = Debug|Any CPU
		{DD9E8393-5739-48C3-AE34-F51471C5A156}.Debug|x86.Build.0 = Debug|Any CPU
		{DD9E8393-5739-48C3-AE34-F51471C5A156}.Release|Any CPU.ActiveCfg = Release|Any CPU
		{DD9E8393-5739-48C3-AE34-F51471C5A156}.Release|Any CPU.Build.0 = Release|Any CPU
		{DD9E8393-5739-48C3-AE34-F51471C5A156}.Release|ARM.ActiveCfg = Release|Any CPU
		{DD9E8393-5739-48C3-AE34-F51471C5A156}.Release|ARM.Build.0 = Release|Any CPU
		{DD9E8393-5739-48C3-AE34-F51471C5A156}.Release|iPhone.ActiveCfg = Release|Any CPU
		{DD9E8393-5739-48C3-AE34-F51471C5A156}.Release|iPhone.Build.0 = Release|Any CPU
		{DD9E8393-5739-48C3-AE34-F51471C5A156}.Release|iPhoneSimulator.ActiveCfg = Release|Any CPU
		{DD9E8393-5739-48C3-AE34-F51471C5A156}.Release|iPhoneSimulator.Build.0 = Release|Any CPU
		{DD9E8393-5739-48C3-AE34-F51471C5A156}.Release|x64.ActiveCfg = Release|Any CPU
		{DD9E8393-5739-48C3-AE34-F51471C5A156}.Release|x64.Build.0 = Release|Any CPU
		{DD9E8393-5739-48C3-AE34-F51471C5A156}.Release|x86.ActiveCfg = Release|Any CPU
		{DD9E8393-5739-48C3-AE34-F51471C5A156}.Release|x86.Build.0 = Release|Any CPU
		{990E77A3-E7E7-45C3-A8D9-03C94B10F765}.Ad-Hoc|Any CPU.ActiveCfg = Debug|Any CPU
		{990E77A3-E7E7-45C3-A8D9-03C94B10F765}.Ad-Hoc|Any CPU.Build.0 = Debug|Any CPU
		{990E77A3-E7E7-45C3-A8D9-03C94B10F765}.Ad-Hoc|ARM.ActiveCfg = Debug|Any CPU
		{990E77A3-E7E7-45C3-A8D9-03C94B10F765}.Ad-Hoc|ARM.Build.0 = Debug|Any CPU
		{990E77A3-E7E7-45C3-A8D9-03C94B10F765}.Ad-Hoc|iPhone.ActiveCfg = Debug|Any CPU
		{990E77A3-E7E7-45C3-A8D9-03C94B10F765}.Ad-Hoc|iPhone.Build.0 = Debug|Any CPU
		{990E77A3-E7E7-45C3-A8D9-03C94B10F765}.Ad-Hoc|iPhoneSimulator.ActiveCfg = Debug|Any CPU
		{990E77A3-E7E7-45C3-A8D9-03C94B10F765}.Ad-Hoc|iPhoneSimulator.Build.0 = Debug|Any CPU
		{990E77A3-E7E7-45C3-A8D9-03C94B10F765}.Ad-Hoc|x64.ActiveCfg = Debug|Any CPU
		{990E77A3-E7E7-45C3-A8D9-03C94B10F765}.Ad-Hoc|x64.Build.0 = Debug|Any CPU
		{990E77A3-E7E7-45C3-A8D9-03C94B10F765}.Ad-Hoc|x86.ActiveCfg = Debug|Any CPU
		{990E77A3-E7E7-45C3-A8D9-03C94B10F765}.Ad-Hoc|x86.Build.0 = Debug|Any CPU
		{990E77A3-E7E7-45C3-A8D9-03C94B10F765}.AppStore|Any CPU.ActiveCfg = Debug|Any CPU
		{990E77A3-E7E7-45C3-A8D9-03C94B10F765}.AppStore|Any CPU.Build.0 = Debug|Any CPU
		{990E77A3-E7E7-45C3-A8D9-03C94B10F765}.AppStore|ARM.ActiveCfg = Debug|Any CPU
		{990E77A3-E7E7-45C3-A8D9-03C94B10F765}.AppStore|ARM.Build.0 = Debug|Any CPU
		{990E77A3-E7E7-45C3-A8D9-03C94B10F765}.AppStore|iPhone.ActiveCfg = Debug|Any CPU
		{990E77A3-E7E7-45C3-A8D9-03C94B10F765}.AppStore|iPhone.Build.0 = Debug|Any CPU
		{990E77A3-E7E7-45C3-A8D9-03C94B10F765}.AppStore|iPhoneSimulator.ActiveCfg = Debug|Any CPU
		{990E77A3-E7E7-45C3-A8D9-03C94B10F765}.AppStore|iPhoneSimulator.Build.0 = Debug|Any CPU
		{990E77A3-E7E7-45C3-A8D9-03C94B10F765}.AppStore|x64.ActiveCfg = Debug|Any CPU
		{990E77A3-E7E7-45C3-A8D9-03C94B10F765}.AppStore|x64.Build.0 = Debug|Any CPU
		{990E77A3-E7E7-45C3-A8D9-03C94B10F765}.AppStore|x86.ActiveCfg = Debug|Any CPU
		{990E77A3-E7E7-45C3-A8D9-03C94B10F765}.AppStore|x86.Build.0 = Debug|Any CPU
		{990E77A3-E7E7-45C3-A8D9-03C94B10F765}.Debug|Any CPU.ActiveCfg = Debug|Any CPU
		{990E77A3-E7E7-45C3-A8D9-03C94B10F765}.Debug|Any CPU.Build.0 = Debug|Any CPU
		{990E77A3-E7E7-45C3-A8D9-03C94B10F765}.Debug|ARM.ActiveCfg = Debug|Any CPU
		{990E77A3-E7E7-45C3-A8D9-03C94B10F765}.Debug|ARM.Build.0 = Debug|Any CPU
		{990E77A3-E7E7-45C3-A8D9-03C94B10F765}.Debug|iPhone.ActiveCfg = Debug|Any CPU
		{990E77A3-E7E7-45C3-A8D9-03C94B10F765}.Debug|iPhone.Build.0 = Debug|Any CPU
		{990E77A3-E7E7-45C3-A8D9-03C94B10F765}.Debug|iPhoneSimulator.ActiveCfg = Debug|Any CPU
		{990E77A3-E7E7-45C3-A8D9-03C94B10F765}.Debug|iPhoneSimulator.Build.0 = Debug|Any CPU
		{990E77A3-E7E7-45C3-A8D9-03C94B10F765}.Debug|x64.ActiveCfg = Debug|Any CPU
		{990E77A3-E7E7-45C3-A8D9-03C94B10F765}.Debug|x64.Build.0 = Debug|Any CPU
		{990E77A3-E7E7-45C3-A8D9-03C94B10F765}.Debug|x86.ActiveCfg = Debug|Any CPU
		{990E77A3-E7E7-45C3-A8D9-03C94B10F765}.Debug|x86.Build.0 = Debug|Any CPU
		{990E77A3-E7E7-45C3-A8D9-03C94B10F765}.Release|Any CPU.ActiveCfg = Release|Any CPU
		{990E77A3-E7E7-45C3-A8D9-03C94B10F765}.Release|Any CPU.Build.0 = Release|Any CPU
		{990E77A3-E7E7-45C3-A8D9-03C94B10F765}.Release|ARM.ActiveCfg = Release|Any CPU
		{990E77A3-E7E7-45C3-A8D9-03C94B10F765}.Release|ARM.Build.0 = Release|Any CPU
		{990E77A3-E7E7-45C3-A8D9-03C94B10F765}.Release|iPhone.ActiveCfg = Release|Any CPU
		{990E77A3-E7E7-45C3-A8D9-03C94B10F765}.Release|iPhone.Build.0 = Release|Any CPU
		{990E77A3-E7E7-45C3-A8D9-03C94B10F765}.Release|iPhoneSimulator.ActiveCfg = Release|Any CPU
		{990E77A3-E7E7-45C3-A8D9-03C94B10F765}.Release|iPhoneSimulator.Build.0 = Release|Any CPU
		{990E77A3-E7E7-45C3-A8D9-03C94B10F765}.Release|x64.ActiveCfg = Release|Any CPU
		{990E77A3-E7E7-45C3-A8D9-03C94B10F765}.Release|x64.Build.0 = Release|Any CPU
		{990E77A3-E7E7-45C3-A8D9-03C94B10F765}.Release|x86.ActiveCfg = Release|Any CPU
		{990E77A3-E7E7-45C3-A8D9-03C94B10F765}.Release|x86.Build.0 = Release|Any CPU
		{2ECAEF1B-DC1D-4184-A934-6AD40C866F1D}.Ad-Hoc|Any CPU.ActiveCfg = Release|Any CPU
		{2ECAEF1B-DC1D-4184-A934-6AD40C866F1D}.Ad-Hoc|Any CPU.Build.0 = Release|Any CPU
		{2ECAEF1B-DC1D-4184-A934-6AD40C866F1D}.Ad-Hoc|Any CPU.Deploy.0 = Release|Any CPU
		{2ECAEF1B-DC1D-4184-A934-6AD40C866F1D}.Ad-Hoc|ARM.ActiveCfg = Release|Any CPU
		{2ECAEF1B-DC1D-4184-A934-6AD40C866F1D}.Ad-Hoc|ARM.Build.0 = Release|Any CPU
		{2ECAEF1B-DC1D-4184-A934-6AD40C866F1D}.Ad-Hoc|ARM.Deploy.0 = Release|Any CPU
		{2ECAEF1B-DC1D-4184-A934-6AD40C866F1D}.Ad-Hoc|iPhone.ActiveCfg = Release|Any CPU
		{2ECAEF1B-DC1D-4184-A934-6AD40C866F1D}.Ad-Hoc|iPhone.Build.0 = Release|Any CPU
		{2ECAEF1B-DC1D-4184-A934-6AD40C866F1D}.Ad-Hoc|iPhone.Deploy.0 = Release|Any CPU
		{2ECAEF1B-DC1D-4184-A934-6AD40C866F1D}.Ad-Hoc|iPhoneSimulator.ActiveCfg = Release|Any CPU
		{2ECAEF1B-DC1D-4184-A934-6AD40C866F1D}.Ad-Hoc|iPhoneSimulator.Build.0 = Release|Any CPU
		{2ECAEF1B-DC1D-4184-A934-6AD40C866F1D}.Ad-Hoc|iPhoneSimulator.Deploy.0 = Release|Any CPU
		{2ECAEF1B-DC1D-4184-A934-6AD40C866F1D}.Ad-Hoc|x64.ActiveCfg = Release|Any CPU
		{2ECAEF1B-DC1D-4184-A934-6AD40C866F1D}.Ad-Hoc|x64.Build.0 = Release|Any CPU
		{2ECAEF1B-DC1D-4184-A934-6AD40C866F1D}.Ad-Hoc|x64.Deploy.0 = Release|Any CPU
		{2ECAEF1B-DC1D-4184-A934-6AD40C866F1D}.Ad-Hoc|x86.ActiveCfg = Release|Any CPU
		{2ECAEF1B-DC1D-4184-A934-6AD40C866F1D}.Ad-Hoc|x86.Build.0 = Release|Any CPU
		{2ECAEF1B-DC1D-4184-A934-6AD40C866F1D}.Ad-Hoc|x86.Deploy.0 = Release|Any CPU
		{2ECAEF1B-DC1D-4184-A934-6AD40C866F1D}.AppStore|Any CPU.ActiveCfg = Release|Any CPU
		{2ECAEF1B-DC1D-4184-A934-6AD40C866F1D}.AppStore|Any CPU.Build.0 = Release|Any CPU
		{2ECAEF1B-DC1D-4184-A934-6AD40C866F1D}.AppStore|Any CPU.Deploy.0 = Release|Any CPU
		{2ECAEF1B-DC1D-4184-A934-6AD40C866F1D}.AppStore|ARM.ActiveCfg = Release|Any CPU
		{2ECAEF1B-DC1D-4184-A934-6AD40C866F1D}.AppStore|ARM.Build.0 = Release|Any CPU
		{2ECAEF1B-DC1D-4184-A934-6AD40C866F1D}.AppStore|ARM.Deploy.0 = Release|Any CPU
		{2ECAEF1B-DC1D-4184-A934-6AD40C866F1D}.AppStore|iPhone.ActiveCfg = Release|Any CPU
		{2ECAEF1B-DC1D-4184-A934-6AD40C866F1D}.AppStore|iPhone.Build.0 = Release|Any CPU
		{2ECAEF1B-DC1D-4184-A934-6AD40C866F1D}.AppStore|iPhone.Deploy.0 = Release|Any CPU
		{2ECAEF1B-DC1D-4184-A934-6AD40C866F1D}.AppStore|iPhoneSimulator.ActiveCfg = Release|Any CPU
		{2ECAEF1B-DC1D-4184-A934-6AD40C866F1D}.AppStore|iPhoneSimulator.Build.0 = Release|Any CPU
		{2ECAEF1B-DC1D-4184-A934-6AD40C866F1D}.AppStore|iPhoneSimulator.Deploy.0 = Release|Any CPU
		{2ECAEF1B-DC1D-4184-A934-6AD40C866F1D}.AppStore|x64.ActiveCfg = Release|Any CPU
		{2ECAEF1B-DC1D-4184-A934-6AD40C866F1D}.AppStore|x64.Build.0 = Release|Any CPU
		{2ECAEF1B-DC1D-4184-A934-6AD40C866F1D}.AppStore|x64.Deploy.0 = Release|Any CPU
		{2ECAEF1B-DC1D-4184-A934-6AD40C866F1D}.AppStore|x86.ActiveCfg = Release|Any CPU
		{2ECAEF1B-DC1D-4184-A934-6AD40C866F1D}.AppStore|x86.Build.0 = Release|Any CPU
		{2ECAEF1B-DC1D-4184-A934-6AD40C866F1D}.AppStore|x86.Deploy.0 = Release|Any CPU
		{2ECAEF1B-DC1D-4184-A934-6AD40C866F1D}.Debug|Any CPU.ActiveCfg = Debug|Any CPU
		{2ECAEF1B-DC1D-4184-A934-6AD40C866F1D}.Debug|Any CPU.Build.0 = Debug|Any CPU
		{2ECAEF1B-DC1D-4184-A934-6AD40C866F1D}.Debug|Any CPU.Deploy.0 = Debug|Any CPU
		{2ECAEF1B-DC1D-4184-A934-6AD40C866F1D}.Debug|ARM.ActiveCfg = Debug|Any CPU
		{2ECAEF1B-DC1D-4184-A934-6AD40C866F1D}.Debug|ARM.Build.0 = Debug|Any CPU
		{2ECAEF1B-DC1D-4184-A934-6AD40C866F1D}.Debug|ARM.Deploy.0 = Debug|Any CPU
		{2ECAEF1B-DC1D-4184-A934-6AD40C866F1D}.Debug|iPhone.ActiveCfg = Debug|Any CPU
		{2ECAEF1B-DC1D-4184-A934-6AD40C866F1D}.Debug|iPhone.Build.0 = Debug|Any CPU
		{2ECAEF1B-DC1D-4184-A934-6AD40C866F1D}.Debug|iPhone.Deploy.0 = Debug|Any CPU
		{2ECAEF1B-DC1D-4184-A934-6AD40C866F1D}.Debug|iPhoneSimulator.ActiveCfg = Debug|Any CPU
		{2ECAEF1B-DC1D-4184-A934-6AD40C866F1D}.Debug|iPhoneSimulator.Build.0 = Debug|Any CPU
		{2ECAEF1B-DC1D-4184-A934-6AD40C866F1D}.Debug|iPhoneSimulator.Deploy.0 = Debug|Any CPU
		{2ECAEF1B-DC1D-4184-A934-6AD40C866F1D}.Debug|x64.ActiveCfg = Debug|Any CPU
		{2ECAEF1B-DC1D-4184-A934-6AD40C866F1D}.Debug|x64.Build.0 = Debug|Any CPU
		{2ECAEF1B-DC1D-4184-A934-6AD40C866F1D}.Debug|x64.Deploy.0 = Debug|Any CPU
		{2ECAEF1B-DC1D-4184-A934-6AD40C866F1D}.Debug|x86.ActiveCfg = Debug|Any CPU
		{2ECAEF1B-DC1D-4184-A934-6AD40C866F1D}.Debug|x86.Build.0 = Debug|Any CPU
		{2ECAEF1B-DC1D-4184-A934-6AD40C866F1D}.Debug|x86.Deploy.0 = Debug|Any CPU
		{2ECAEF1B-DC1D-4184-A934-6AD40C866F1D}.Release|Any CPU.ActiveCfg = Release|Any CPU
		{2ECAEF1B-DC1D-4184-A934-6AD40C866F1D}.Release|Any CPU.Build.0 = Release|Any CPU
		{2ECAEF1B-DC1D-4184-A934-6AD40C866F1D}.Release|Any CPU.Deploy.0 = Release|Any CPU
		{2ECAEF1B-DC1D-4184-A934-6AD40C866F1D}.Release|ARM.ActiveCfg = Release|Any CPU
		{2ECAEF1B-DC1D-4184-A934-6AD40C866F1D}.Release|ARM.Build.0 = Release|Any CPU
		{2ECAEF1B-DC1D-4184-A934-6AD40C866F1D}.Release|ARM.Deploy.0 = Release|Any CPU
		{2ECAEF1B-DC1D-4184-A934-6AD40C866F1D}.Release|iPhone.ActiveCfg = Release|Any CPU
		{2ECAEF1B-DC1D-4184-A934-6AD40C866F1D}.Release|iPhone.Build.0 = Release|Any CPU
		{2ECAEF1B-DC1D-4184-A934-6AD40C866F1D}.Release|iPhone.Deploy.0 = Release|Any CPU
		{2ECAEF1B-DC1D-4184-A934-6AD40C866F1D}.Release|iPhoneSimulator.ActiveCfg = Release|Any CPU
		{2ECAEF1B-DC1D-4184-A934-6AD40C866F1D}.Release|iPhoneSimulator.Build.0 = Release|Any CPU
		{2ECAEF1B-DC1D-4184-A934-6AD40C866F1D}.Release|iPhoneSimulator.Deploy.0 = Release|Any CPU
		{2ECAEF1B-DC1D-4184-A934-6AD40C866F1D}.Release|x64.ActiveCfg = Release|Any CPU
		{2ECAEF1B-DC1D-4184-A934-6AD40C866F1D}.Release|x64.Build.0 = Release|Any CPU
		{2ECAEF1B-DC1D-4184-A934-6AD40C866F1D}.Release|x64.Deploy.0 = Release|Any CPU
		{2ECAEF1B-DC1D-4184-A934-6AD40C866F1D}.Release|x86.ActiveCfg = Release|Any CPU
		{2ECAEF1B-DC1D-4184-A934-6AD40C866F1D}.Release|x86.Build.0 = Release|Any CPU
		{2ECAEF1B-DC1D-4184-A934-6AD40C866F1D}.Release|x86.Deploy.0 = Release|Any CPU
		{EEC2D1BA-5110-4B47-B01F-E35D079136AA}.Ad-Hoc|Any CPU.ActiveCfg = Ad-Hoc|iPhone
		{EEC2D1BA-5110-4B47-B01F-E35D079136AA}.Ad-Hoc|ARM.ActiveCfg = Ad-Hoc|iPhone
		{EEC2D1BA-5110-4B47-B01F-E35D079136AA}.Ad-Hoc|iPhone.ActiveCfg = Ad-Hoc|iPhone
		{EEC2D1BA-5110-4B47-B01F-E35D079136AA}.Ad-Hoc|iPhone.Build.0 = Ad-Hoc|iPhone
		{EEC2D1BA-5110-4B47-B01F-E35D079136AA}.Ad-Hoc|iPhoneSimulator.ActiveCfg = Ad-Hoc|iPhoneSimulator
		{EEC2D1BA-5110-4B47-B01F-E35D079136AA}.Ad-Hoc|iPhoneSimulator.Build.0 = Ad-Hoc|iPhoneSimulator
		{EEC2D1BA-5110-4B47-B01F-E35D079136AA}.Ad-Hoc|x64.ActiveCfg = Ad-Hoc|iPhone
		{EEC2D1BA-5110-4B47-B01F-E35D079136AA}.Ad-Hoc|x86.ActiveCfg = Ad-Hoc|iPhone
		{EEC2D1BA-5110-4B47-B01F-E35D079136AA}.AppStore|Any CPU.ActiveCfg = AppStore|iPhone
		{EEC2D1BA-5110-4B47-B01F-E35D079136AA}.AppStore|ARM.ActiveCfg = AppStore|iPhone
		{EEC2D1BA-5110-4B47-B01F-E35D079136AA}.AppStore|iPhone.ActiveCfg = AppStore|iPhone
		{EEC2D1BA-5110-4B47-B01F-E35D079136AA}.AppStore|iPhone.Build.0 = AppStore|iPhone
		{EEC2D1BA-5110-4B47-B01F-E35D079136AA}.AppStore|iPhoneSimulator.ActiveCfg = AppStore|iPhoneSimulator
		{EEC2D1BA-5110-4B47-B01F-E35D079136AA}.AppStore|iPhoneSimulator.Build.0 = AppStore|iPhoneSimulator
		{EEC2D1BA-5110-4B47-B01F-E35D079136AA}.AppStore|x64.ActiveCfg = AppStore|iPhone
		{EEC2D1BA-5110-4B47-B01F-E35D079136AA}.AppStore|x86.ActiveCfg = AppStore|iPhone
		{EEC2D1BA-5110-4B47-B01F-E35D079136AA}.Debug|Any CPU.ActiveCfg = Debug|iPhone
		{EEC2D1BA-5110-4B47-B01F-E35D079136AA}.Debug|ARM.ActiveCfg = Debug|iPhone
		{EEC2D1BA-5110-4B47-B01F-E35D079136AA}.Debug|iPhone.ActiveCfg = Debug|iPhone
		{EEC2D1BA-5110-4B47-B01F-E35D079136AA}.Debug|iPhone.Build.0 = Debug|iPhone
		{EEC2D1BA-5110-4B47-B01F-E35D079136AA}.Debug|iPhoneSimulator.ActiveCfg = Debug|iPhoneSimulator
		{EEC2D1BA-5110-4B47-B01F-E35D079136AA}.Debug|iPhoneSimulator.Build.0 = Debug|iPhoneSimulator
		{EEC2D1BA-5110-4B47-B01F-E35D079136AA}.Debug|x64.ActiveCfg = Debug|iPhone
		{EEC2D1BA-5110-4B47-B01F-E35D079136AA}.Debug|x86.ActiveCfg = Debug|iPhone
		{EEC2D1BA-5110-4B47-B01F-E35D079136AA}.Release|Any CPU.ActiveCfg = Release|iPhone
		{EEC2D1BA-5110-4B47-B01F-E35D079136AA}.Release|ARM.ActiveCfg = Release|iPhone
		{EEC2D1BA-5110-4B47-B01F-E35D079136AA}.Release|iPhone.ActiveCfg = Release|iPhone
		{EEC2D1BA-5110-4B47-B01F-E35D079136AA}.Release|iPhone.Build.0 = Release|iPhone
		{EEC2D1BA-5110-4B47-B01F-E35D079136AA}.Release|iPhoneSimulator.ActiveCfg = Release|iPhoneSimulator
		{EEC2D1BA-5110-4B47-B01F-E35D079136AA}.Release|iPhoneSimulator.Build.0 = Release|iPhoneSimulator
		{EEC2D1BA-5110-4B47-B01F-E35D079136AA}.Release|x64.ActiveCfg = Release|iPhone
		{EEC2D1BA-5110-4B47-B01F-E35D079136AA}.Release|x86.ActiveCfg = Release|iPhone
		{BC72E03C-1AED-42D9-A4FE-A13F12B582ED}.Ad-Hoc|Any CPU.ActiveCfg = Release|x86
		{BC72E03C-1AED-42D9-A4FE-A13F12B582ED}.Ad-Hoc|Any CPU.Build.0 = Release|x86
		{BC72E03C-1AED-42D9-A4FE-A13F12B582ED}.Ad-Hoc|Any CPU.Deploy.0 = Release|x86
		{BC72E03C-1AED-42D9-A4FE-A13F12B582ED}.Ad-Hoc|ARM.ActiveCfg = Release|ARM
		{BC72E03C-1AED-42D9-A4FE-A13F12B582ED}.Ad-Hoc|ARM.Build.0 = Release|ARM
		{BC72E03C-1AED-42D9-A4FE-A13F12B582ED}.Ad-Hoc|ARM.Deploy.0 = Release|ARM
		{BC72E03C-1AED-42D9-A4FE-A13F12B582ED}.Ad-Hoc|iPhone.ActiveCfg = Release|x86
		{BC72E03C-1AED-42D9-A4FE-A13F12B582ED}.Ad-Hoc|iPhone.Build.0 = Release|x86
		{BC72E03C-1AED-42D9-A4FE-A13F12B582ED}.Ad-Hoc|iPhone.Deploy.0 = Release|x86
		{BC72E03C-1AED-42D9-A4FE-A13F12B582ED}.Ad-Hoc|iPhoneSimulator.ActiveCfg = Release|x86
		{BC72E03C-1AED-42D9-A4FE-A13F12B582ED}.Ad-Hoc|iPhoneSimulator.Build.0 = Release|x86
		{BC72E03C-1AED-42D9-A4FE-A13F12B582ED}.Ad-Hoc|iPhoneSimulator.Deploy.0 = Release|x86
		{BC72E03C-1AED-42D9-A4FE-A13F12B582ED}.Ad-Hoc|x64.ActiveCfg = Release|x64
		{BC72E03C-1AED-42D9-A4FE-A13F12B582ED}.Ad-Hoc|x64.Build.0 = Release|x64
		{BC72E03C-1AED-42D9-A4FE-A13F12B582ED}.Ad-Hoc|x64.Deploy.0 = Release|x64
		{BC72E03C-1AED-42D9-A4FE-A13F12B582ED}.Ad-Hoc|x86.ActiveCfg = Release|x86
		{BC72E03C-1AED-42D9-A4FE-A13F12B582ED}.Ad-Hoc|x86.Build.0 = Release|x86
		{BC72E03C-1AED-42D9-A4FE-A13F12B582ED}.Ad-Hoc|x86.Deploy.0 = Release|x86
		{BC72E03C-1AED-42D9-A4FE-A13F12B582ED}.AppStore|Any CPU.ActiveCfg = Release|x86
		{BC72E03C-1AED-42D9-A4FE-A13F12B582ED}.AppStore|Any CPU.Build.0 = Release|x86
		{BC72E03C-1AED-42D9-A4FE-A13F12B582ED}.AppStore|Any CPU.Deploy.0 = Release|x86
		{BC72E03C-1AED-42D9-A4FE-A13F12B582ED}.AppStore|ARM.ActiveCfg = Release|ARM
		{BC72E03C-1AED-42D9-A4FE-A13F12B582ED}.AppStore|ARM.Build.0 = Release|ARM
		{BC72E03C-1AED-42D9-A4FE-A13F12B582ED}.AppStore|ARM.Deploy.0 = Release|ARM
		{BC72E03C-1AED-42D9-A4FE-A13F12B582ED}.AppStore|iPhone.ActiveCfg = Release|x86
		{BC72E03C-1AED-42D9-A4FE-A13F12B582ED}.AppStore|iPhone.Build.0 = Release|x86
		{BC72E03C-1AED-42D9-A4FE-A13F12B582ED}.AppStore|iPhone.Deploy.0 = Release|x86
		{BC72E03C-1AED-42D9-A4FE-A13F12B582ED}.AppStore|iPhoneSimulator.ActiveCfg = Release|x86
		{BC72E03C-1AED-42D9-A4FE-A13F12B582ED}.AppStore|iPhoneSimulator.Build.0 = Release|x86
		{BC72E03C-1AED-42D9-A4FE-A13F12B582ED}.AppStore|iPhoneSimulator.Deploy.0 = Release|x86
		{BC72E03C-1AED-42D9-A4FE-A13F12B582ED}.AppStore|x64.ActiveCfg = Release|x64
		{BC72E03C-1AED-42D9-A4FE-A13F12B582ED}.AppStore|x64.Build.0 = Release|x64
		{BC72E03C-1AED-42D9-A4FE-A13F12B582ED}.AppStore|x64.Deploy.0 = Release|x64
		{BC72E03C-1AED-42D9-A4FE-A13F12B582ED}.AppStore|x86.ActiveCfg = Release|x86
		{BC72E03C-1AED-42D9-A4FE-A13F12B582ED}.AppStore|x86.Build.0 = Release|x86
		{BC72E03C-1AED-42D9-A4FE-A13F12B582ED}.AppStore|x86.Deploy.0 = Release|x86
		{BC72E03C-1AED-42D9-A4FE-A13F12B582ED}.Debug|Any CPU.ActiveCfg = Debug|x86
		{BC72E03C-1AED-42D9-A4FE-A13F12B582ED}.Debug|ARM.ActiveCfg = Debug|ARM
		{BC72E03C-1AED-42D9-A4FE-A13F12B582ED}.Debug|ARM.Build.0 = Debug|ARM
		{BC72E03C-1AED-42D9-A4FE-A13F12B582ED}.Debug|ARM.Deploy.0 = Debug|ARM
		{BC72E03C-1AED-42D9-A4FE-A13F12B582ED}.Debug|iPhone.ActiveCfg = Debug|x86
		{BC72E03C-1AED-42D9-A4FE-A13F12B582ED}.Debug|iPhoneSimulator.ActiveCfg = Debug|x86
		{BC72E03C-1AED-42D9-A4FE-A13F12B582ED}.Debug|x64.ActiveCfg = Debug|x64
		{BC72E03C-1AED-42D9-A4FE-A13F12B582ED}.Debug|x64.Build.0 = Debug|x64
		{BC72E03C-1AED-42D9-A4FE-A13F12B582ED}.Debug|x64.Deploy.0 = Debug|x64
		{BC72E03C-1AED-42D9-A4FE-A13F12B582ED}.Debug|x86.ActiveCfg = Debug|x86
		{BC72E03C-1AED-42D9-A4FE-A13F12B582ED}.Debug|x86.Build.0 = Debug|x86
		{BC72E03C-1AED-42D9-A4FE-A13F12B582ED}.Debug|x86.Deploy.0 = Debug|x86
		{BC72E03C-1AED-42D9-A4FE-A13F12B582ED}.Release|Any CPU.ActiveCfg = Release|x86
		{BC72E03C-1AED-42D9-A4FE-A13F12B582ED}.Release|ARM.ActiveCfg = Release|ARM
		{BC72E03C-1AED-42D9-A4FE-A13F12B582ED}.Release|ARM.Build.0 = Release|ARM
		{BC72E03C-1AED-42D9-A4FE-A13F12B582ED}.Release|ARM.Deploy.0 = Release|ARM
		{BC72E03C-1AED-42D9-A4FE-A13F12B582ED}.Release|iPhone.ActiveCfg = Release|x86
		{BC72E03C-1AED-42D9-A4FE-A13F12B582ED}.Release|iPhoneSimulator.ActiveCfg = Release|x86
		{BC72E03C-1AED-42D9-A4FE-A13F12B582ED}.Release|x64.ActiveCfg = Release|x64
		{BC72E03C-1AED-42D9-A4FE-A13F12B582ED}.Release|x64.Build.0 = Release|x64
		{BC72E03C-1AED-42D9-A4FE-A13F12B582ED}.Release|x64.Deploy.0 = Release|x64
		{BC72E03C-1AED-42D9-A4FE-A13F12B582ED}.Release|x86.ActiveCfg = Release|x86
		{BC72E03C-1AED-42D9-A4FE-A13F12B582ED}.Release|x86.Build.0 = Release|x86
		{BC72E03C-1AED-42D9-A4FE-A13F12B582ED}.Release|x86.Deploy.0 = Release|x86
	EndGlobalSection
	GlobalSection(SolutionProperties) = preSolution
		HideSolutionNode = FALSE
	EndGlobalSection
	GlobalSection(ExtensibilityGlobals) = postSolution
		SolutionGuid = {E2ED7A21-D6A4-470C-A934-90486D17E2DA}
	EndGlobalSection
EndGlobal
